
Microsoft Visual Studio Solution File, Format Version 12.00
Project("{FAE04EC0-301F-11D3-BF4B-00C04F79EFBC}") = "SudokuSolver", "SudokuSolver\SudokuSolver.csproj", "{09DF9F0B-4CAE-4865-B17A-8F23C2D93BAD}"
EndProject
Global
	GlobalSection(SolutionConfigurationPlatforms) = preSolution
		Debug|Any CPU = Debug|Any CPU
		Release|Any CPU = Release|Any CPU
	EndGlobalSection
	GlobalSection(ProjectConfigurationPlatforms) = postSolution
		{09DF9F0B-4CAE-4865-B17A-8F23C2D93BAD}.Debug|Any CPU.ActiveCfg = Debug|Any CPU
		{09DF9F0B-4CAE-4865-B17A-8F23C2D93BAD}.Debug|Any CPU.Build.0 = Debug|Any CPU
		{09DF9F0B-4CAE-4865-B17A-8F23C2D93BAD}.Release|Any CPU.ActiveCfg = Release|Any CPU
		{09DF9F0B-4CAE-4865-B17A-8F23C2D93BAD}.Release|Any CPU.Build.0 = Release|Any CPU
	EndGlobalSection
EndGlobal
